// !$*UTF8*$!
{
	archiveVersion = 1;
	classes = {
	};
	objectVersion = 46;
	objects = {

/* Begin PBXBuildFile section */
		03126745190C6B4A00AF9AFA /* Foundation.framework in Frameworks */ = {isa = PBXBuildFile; fileRef = 03126744190C6B4A00AF9AFA /* Foundation.framework */; };
		03126747190C6B4A00AF9AFA /* CoreGraphics.framework in Frameworks */ = {isa = PBXBuildFile; fileRef = 03126746190C6B4A00AF9AFA /* CoreGraphics.framework */; };
		03126749190C6B4A00AF9AFA /* UIKit.framework in Frameworks */ = {isa = PBXBuildFile; fileRef = 03126748190C6B4A00AF9AFA /* UIKit.framework */; };
		0312674F190C6B4A00AF9AFA /* InfoPlist.strings in Resources */ = {isa = PBXBuildFile; fileRef = 0312674D190C6B4A00AF9AFA /* InfoPlist.strings */; };
		03126751190C6B4A00AF9AFA /* main.m in Sources */ = {isa = PBXBuildFile; fileRef = 03126750190C6B4A00AF9AFA /* main.m */; };
		03126755190C6B4A00AF9AFA /* AppDelegate.m in Sources */ = {isa = PBXBuildFile; fileRef = 03126754190C6B4A00AF9AFA /* AppDelegate.m */; };
		03126758190C6B4A00AF9AFA /* Main.storyboard in Resources */ = {isa = PBXBuildFile; fileRef = 03126756190C6B4A00AF9AFA /* Main.storyboard */; };
		0312675B190C6B4A00AF9AFA /* ViewController.m in Sources */ = {isa = PBXBuildFile; fileRef = 0312675A190C6B4A00AF9AFA /* ViewController.m */; };
		0312675D190C6B4A00AF9AFA /* Images.xcassets in Resources */ = {isa = PBXBuildFile; fileRef = 0312675C190C6B4A00AF9AFA /* Images.xcassets */; };
		03126764190C6B4A00AF9AFA /* XCTest.framework in Frameworks */ = {isa = PBXBuildFile; fileRef = 03126763190C6B4A00AF9AFA /* XCTest.framework */; };
		03126765190C6B4A00AF9AFA /* Foundation.framework in Frameworks */ = {isa = PBXBuildFile; fileRef = 03126744190C6B4A00AF9AFA /* Foundation.framework */; };
		03126766190C6B4A00AF9AFA /* UIKit.framework in Frameworks */ = {isa = PBXBuildFile; fileRef = 03126748190C6B4A00AF9AFA /* UIKit.framework */; };
		0312676E190C6B4A00AF9AFA /* InfoPlist.strings in Resources */ = {isa = PBXBuildFile; fileRef = 0312676C190C6B4A00AF9AFA /* InfoPlist.strings */; };
		03126770190C6B4A00AF9AFA /* MultiviewTests.m in Sources */ = {isa = PBXBuildFile; fileRef = 0312676F190C6B4A00AF9AFA /* MultiviewTests.m */; };
		0312677A190C6FC900AF9AFA /* MapKit.framework in Frameworks */ = {isa = PBXBuildFile; fileRef = 03126779190C6FC900AF9AFA /* MapKit.framework */; };
/* End PBXBuildFile section */

/* Begin PBXContainerItemProxy section */
		03126767190C6B4A00AF9AFA /* PBXContainerItemProxy */ = {
			isa = PBXContainerItemProxy;
			containerPortal = 03126739190C6B4A00AF9AFA /* Project object */;
			proxyType = 1;
			remoteGlobalIDString = 03126740190C6B4A00AF9AFA;
			remoteInfo = Multiview;
		};
/* End PBXContainerItemProxy section */

/* Begin PBXFileReference section */
		03126741190C6B4A00AF9AFA /* Multiview.app */ = {isa = PBXFileReference; explicitFileType = wrapper.application; includeInIndex = 0; path = Multiview.app; sourceTree = BUILT_PRODUCTS_DIR; };
		03126744190C6B4A00AF9AFA /* Foundation.framework */ = {isa = PBXFileReference; lastKnownFileType = wrapper.framework; name = Foundation.framework; path = System/Library/Frameworks/Foundation.framework; sourceTree = SDKROOT; };
		03126746190C6B4A00AF9AFA /* CoreGraphics.framework */ = {isa = PBXFileReference; lastKnownFileType = wrapper.framework; name = CoreGraphics.framework; path = System/Library/Frameworks/CoreGraphics.framework; sourceTree = SDKROOT; };
		03126748190C6B4A00AF9AFA /* UIKit.framework */ = {isa = PBXFileReference; lastKnownFileType = wrapper.framework; name = UIKit.framework; path = System/Library/Frameworks/UIKit.framework; sourceTree = SDKROOT; };
		0312674C190C6B4A00AF9AFA /* Multiview-Info.plist */ = {isa = PBXFileReference; lastKnownFileType = text.plist.xml; path = "Multiview-Info.plist"; sourceTree = "<group>"; };
		0312674E190C6B4A00AF9AFA /* en */ = {isa = PBXFileReference; lastKnownFileType = text.plist.strings; name = en; path = en.lproj/InfoPlist.strings; sourceTree = "<group>"; };
		03126750190C6B4A00AF9AFA /* main.m */ = {isa = PBXFileReference; lastKnownFileType = sourcecode.c.objc; path = main.m; sourceTree = "<group>"; };
		03126752190C6B4A00AF9AFA /* Multiview-Prefix.pch */ = {isa = PBXFileReference; lastKnownFileType = sourcecode.c.h; path = "Multiview-Prefix.pch"; sourceTree = "<group>"; };
		03126753190C6B4A00AF9AFA /* AppDelegate.h */ = {isa = PBXFileReference; lastKnownFileType = sourcecode.c.h; path = AppDelegate.h; sourceTree = "<group>"; };
		03126754190C6B4A00AF9AFA /* AppDelegate.m */ = {isa = PBXFileReference; lastKnownFileType = sourcecode.c.objc; path = AppDelegate.m; sourceTree = "<group>"; };
		03126757190C6B4A00AF9AFA /* Base */ = {isa = PBXFileReference; lastKnownFileType = file.storyboard; name = Base; path = Base.lproj/Main.storyboard; sourceTree = "<group>"; };
		03126759190C6B4A00AF9AFA /* ViewController.h */ = {isa = PBXFileReference; lastKnownFileType = sourcecode.c.h; path = ViewController.h; sourceTree = "<group>"; };
		0312675A190C6B4A00AF9AFA /* ViewController.m */ = {isa = PBXFileReference; lastKnownFileType = sourcecode.c.objc; path = ViewController.m; sourceTree = "<group>"; };
		0312675C190C6B4A00AF9AFA /* Images.xcassets */ = {isa = PBXFileReference; lastKnownFileType = folder.assetcatalog; path = Images.xcassets; sourceTree = "<group>"; };
		03126762190C6B4A00AF9AFA /* MultiviewTests.xctest */ = {isa = PBXFileReference; explicitFileType = wrapper.cfbundle; includeInIndex = 0; path = MultiviewTests.xctest; sourceTree = BUILT_PRODUCTS_DIR; };
		03126763190C6B4A00AF9AFA /* XCTest.framework */ = {isa = PBXFileReference; lastKnownFileType = wrapper.framework; name = XCTest.framework; path = Library/Frameworks/XCTest.framework; sourceTree = DEVELOPER_DIR; };
		0312676B190C6B4A00AF9AFA /* MultiviewTests-Info.plist */ = {isa = PBXFileReference; lastKnownFileType = text.plist.xml; path = "MultiviewTests-Info.plist"; sourceTree = "<group>"; };
		0312676D190C6B4A00AF9AFA /* en */ = {isa = PBXFileReference; lastKnownFileType = text.plist.strings; name = en; path = en.lproj/InfoPlist.strings; sourceTree = "<group>"; };
		0312676F190C6B4A00AF9AFA /* MultiviewTests.m */ = {isa = PBXFileReference; lastKnownFileType = sourcecode.c.objc; path = MultiviewTests.m; sourceTree = "<group>"; };
		03126779190C6FC900AF9AFA /* MapKit.framework */ = {isa = PBXFileReference; lastKnownFileType = wrapper.framework; name = MapKit.framework; path = System/Library/Frameworks/MapKit.framework; sourceTree = SDKROOT; };
/* End PBXFileReference section */

/* Begin PBXFrameworksBuildPhase section */
		0312673E190C6B4A00AF9AFA /* Frameworks */ = {
			isa = PBXFrameworksBuildPhase;
			buildActionMask = 2147483647;
			files = (
				0312677A190C6FC900AF9AFA /* MapKit.framework in Frameworks */,
				03126747190C6B4A00AF9AFA /* CoreGraphics.framework in Frameworks */,
				03126749190C6B4A00AF9AFA /* UIKit.framework in Frameworks */,
				03126745190C6B4A00AF9AFA /* Foundation.framework in Frameworks */,
			);
			runOnlyForDeploymentPostprocessing = 0;
		};
		0312675F190C6B4A00AF9AFA /* Frameworks */ = {
			isa = PBXFrameworksBuildPhase;
			buildActionMask = 2147483647;
			files = (
				03126764190C6B4A00AF9AFA /* XCTest.framework in Frameworks */,
				03126766190C6B4A00AF9AFA /* UIKit.framework in Frameworks */,
				03126765190C6B4A00AF9AFA /* Foundation.framework in Frameworks */,
			);
			runOnlyForDeploymentPostprocessing = 0;
		};
/* End PBXFrameworksBuildPhase section */

/* Begin PBXGroup section */
		03126738190C6B4A00AF9AFA = {
			isa = PBXGroup;
			children = (
				0312674A190C6B4A00AF9AFA /* Multiview */,
				03126769190C6B4A00AF9AFA /* MultiviewTests */,
				03126743190C6B4A00AF9AFA /* Frameworks */,
				03126742190C6B4A00AF9AFA /* Products */,
			);
			sourceTree = "<group>";
		};
		03126742190C6B4A00AF9AFA /* Products */ = {
			isa = PBXGroup;
			children = (
				03126741190C6B4A00AF9AFA /* Multiview.app */,
				03126762190C6B4A00AF9AFA /* MultiviewTests.xctest */,
			);
			name = Products;
			sourceTree = "<group>";
		};
		03126743190C6B4A00AF9AFA /* Frameworks */ = {
			isa = PBXGroup;
			children = (
				03126779190C6FC900AF9AFA /* MapKit.framework */,
				03126744190C6B4A00AF9AFA /* Foundation.framework */,
				03126746190C6B4A00AF9AFA /* CoreGraphics.framework */,
				03126748190C6B4A00AF9AFA /* UIKit.framework */,
				03126763190C6B4A00AF9AFA /* XCTest.framework */,
			);
			name = Frameworks;
			sourceTree = "<group>";
		};
		0312674A190C6B4A00AF9AFA /* Multiview */ = {
			isa = PBXGroup;
			children = (
				03126753190C6B4A00AF9AFA /* AppDelegate.h */,
				03126754190C6B4A00AF9AFA /* AppDelegate.m */,
				03126756190C6B4A00AF9AFA /* Main.storyboard */,
				03126759190C6B4A00AF9AFA /* ViewController.h */,
				0312675A190C6B4A00AF9AFA /* ViewController.m */,
				0312675C190C6B4A00AF9AFA /* Images.xcassets */,
				0312674B190C6B4A00AF9AFA /* Supporting Files */,
			);
			path = Multiview;
			sourceTree = "<group>";
		};
		0312674B190C6B4A00AF9AFA /* Supporting Files */ = {
			isa = PBXGroup;
			children = (
				0312674C190C6B4A00AF9AFA /* Multiview-Info.plist */,
				0312674D190C6B4A00AF9AFA /* InfoPlist.strings */,
				03126750190C6B4A00AF9AFA /* main.m */,
				03126752190C6B4A00AF9AFA /* Multiview-Prefix.pch */,
			);
			name = "Supporting Files";
			sourceTree = "<group>";
		};
		03126769190C6B4A00AF9AFA /* MultiviewTests */ = {
			isa = PBXGroup;
			children = (
				0312676F190C6B4A00AF9AFA /* MultiviewTests.m */,
				0312676A190C6B4A00AF9AFA /* Supporting Files */,
			);
			path = MultiviewTests;
			sourceTree = "<group>";
		};
		0312676A190C6B4A00AF9AFA /* Supporting Files */ = {
			isa = PBXGroup;
			children = (
				0312676B190C6B4A00AF9AFA /* MultiviewTests-Info.plist */,
				0312676C190C6B4A00AF9AFA /* InfoPlist.strings */,
			);
			name = "Supporting Files";
			sourceTree = "<group>";
		};
/* End PBXGroup section */

/* Begin PBXNativeTarget section */
		03126740190C6B4A00AF9AFA /* Multiview */ = {
			isa = PBXNativeTarget;
			buildConfigurationList = 03126773190C6B4A00AF9AFA /* Build configuration list for PBXNativeTarget "Multiview" */;
			buildPhases = (
				0312673D190C6B4A00AF9AFA /* Sources */,
				0312673E190C6B4A00AF9AFA /* Frameworks */,
				0312673F190C6B4A00AF9AFA /* Resources */,
			);
			buildRules = (
			);
			dependencies = (
			);
			name = Multiview;
			productName = Multiview;
			productReference = 03126741190C6B4A00AF9AFA /* Multiview.app */;
			productType = "com.apple.product-type.application";
		};
		03126761190C6B4A00AF9AFA /* MultiviewTests */ = {
			isa = PBXNativeTarget;
			buildConfigurationList = 03126776190C6B4A00AF9AFA /* Build configuration list for PBXNativeTarget "MultiviewTests" */;
			buildPhases = (
				0312675E190C6B4A00AF9AFA /* Sources */,
				0312675F190C6B4A00AF9AFA /* Frameworks */,
				03126760190C6B4A00AF9AFA /* Resources */,
			);
			buildRules = (
			);
			dependencies = (
				03126768190C6B4A00AF9AFA /* PBXTargetDependency */,
			);
			name = MultiviewTests;
			productName = MultiviewTests;
			productReference = 03126762190C6B4A00AF9AFA /* MultiviewTests.xctest */;
			productType = "com.apple.product-type.bundle.unit-test";
		};
/* End PBXNativeTarget section */

/* Begin PBXProject section */
		03126739190C6B4A00AF9AFA /* Project object */ = {
			isa = PBXProject;
			attributes = {
				LastUpgradeCheck = 0510;
				ORGANIZATIONNAME = Monson;
				TargetAttributes = {
					03126761190C6B4A00AF9AFA = {
						TestTargetID = 03126740190C6B4A00AF9AFA;
					};
				};
			};
			buildConfigurationList = 0312673C190C6B4A00AF9AFA /* Build configuration list for PBXProject "Multiview" */;
			compatibilityVersion = "Xcode 3.2";
			developmentRegion = English;
			hasScannedForEncodings = 0;
			knownRegions = (
				en,
				Base,
			);
			mainGroup = 03126738190C6B4A00AF9AFA;
			productRefGroup = 03126742190C6B4A00AF9AFA /* Products */;
			projectDirPath = "";
			projectRoot = "";
			targets = (
				03126740190C6B4A00AF9AFA /* Multiview */,
				03126761190C6B4A00AF9AFA /* MultiviewTests */,
			);
		};
/* End PBXProject section */

/* Begin PBXResourcesBuildPhase section */
		0312673F190C6B4A00AF9AFA /* Resources */ = {
			isa = PBXResourcesBuildPhase;
			buildActionMask = 2147483647;
			files = (
				0312675D190C6B4A00AF9AFA /* Images.xcassets in Resources */,
				0312674F190C6B4A00AF9AFA /* InfoPlist.strings in Resources */,
				03126758190C6B4A00AF9AFA /* Main.storyboard in Resources */,
			);
			runOnlyForDeploymentPostprocessing = 0;
		};
		03126760190C6B4A00AF9AFA /* Resources */ = {
			isa = PBXResourcesBuildPhase;
			buildActionMask = 2147483647;
			files = (
				0312676E190C6B4A00AF9AFA /* InfoPlist.strings in Resources */,
			);
			runOnlyForDeploymentPostprocessing = 0;
		};
/* End PBXResourcesBuildPhase section */

/* Begin PBXSourcesBuildPhase section */
		0312673D190C6B4A00AF9AFA /* Sources */ = {
			isa = PBXSourcesBuildPhase;
			buildActionMask = 2147483647;
			files = (
				0312675B190C6B4A00AF9AFA /* ViewController.m in Sources */,
				03126755190C6B4A00AF9AFA /* AppDelegate.m in Sources */,
				03126751190C6B4A00AF9AFA /* main.m in Sources */,
			);
			runOnlyForDeploymentPostprocessing = 0;
		};
		0312675E190C6B4A00AF9AFA /* Sources */ = {
			isa = PBXSourcesBuildPhase;
			buildActionMask = 2147483647;
			files = (
				03126770190C6B4A00AF9AFA /* MultiviewTests.m in Sources */,
			);
			runOnlyForDeploymentPostprocessing = 0;
		};
/* End PBXSourcesBuildPhase section */

/* Begin PBXTargetDependency section */
		03126768190C6B4A00AF9AFA /* PBXTargetDependency */ = {
			isa = PBXTargetDependency;
			target = 03126740190C6B4A00AF9AFA /* Multiview */;
			targetProxy = 03126767190C6B4A00AF9AFA /* PBXContainerItemProxy */;
		};
/* End PBXTargetDependency section */

/* Begin PBXVariantGroup section */
		0312674D190C6B4A00AF9AFA /* InfoPlist.strings */ = {
			isa = PBXVariantGroup;
			children = (
				0312674E190C6B4A00AF9AFA /* en */,
			);
			name = InfoPlist.strings;
			sourceTree = "<group>";
		};
		03126756190C6B4A00AF9AFA /* Main.storyboard */ = {
			isa = PBXVariantGroup;
			children = (
				03126757190C6B4A00AF9AFA /* Base */,
			);
			name = Main.storyboard;
			sourceTree = "<group>";
		};
		0312676C190C6B4A00AF9AFA /* InfoPlist.strings */ = {
			isa = PBXVariantGroup;
			children = (
				0312676D190C6B4A00AF9AFA /* en */,
			);
			name = InfoPlist.strings;
			sourceTree = "<group>";
		};
/* End PBXVariantGroup section */

/* Begin XCBuildConfiguration section */
		03126771190C6B4A00AF9AFA /* Debug */ = {
			isa = XCBuildConfiguration;
			buildSettings = {
				ALWAYS_SEARCH_USER_PATHS = NO;
				CLANG_CXX_LANGUAGE_STANDARD = "gnu++0x";
				CLANG_CXX_LIBRARY = "libc++";
				CLANG_ENABLE_MODULES = YES;
				CLANG_ENABLE_OBJC_ARC = YES;
				CLANG_WARN_BOOL_CONVERSION = YES;
				CLANG_WARN_CONSTANT_CONVERSION = YES;
				CLANG_WARN_DIRECT_OBJC_ISA_USAGE = YES_ERROR;
				CLANG_WARN_EMPTY_BODY = YES;
				CLANG_WARN_ENUM_CONVERSION = YES;
				CLANG_WARN_INT_CONVERSION = YES;
				CLANG_WARN_OBJC_ROOT_CLASS = YES_ERROR;
				CLANG_WARN__DUPLICATE_METHOD_MATCH = YES;
				"CODE_SIGN_IDENTITY[sdk=iphoneos*]" = "iPhone Developer";
				COPY_PHASE_STRIP = NO;
				GCC_C_LANGUAGE_STANDARD = gnu99;
				GCC_DYNAMIC_NO_PIC = NO;
				GCC_OPTIMIZATION_LEVEL = 0;
				GCC_PREPROCESSOR_DEFINITIONS = (
					"DEBUG=1",
					"$(inherited)",
				);
				GCC_SYMBOLS_PRIVATE_EXTERN = NO;
				GCC_WARN_64_TO_32_BIT_CONVERSION = YES;
				GCC_WARN_ABOUT_RETURN_TYPE = YES_ERROR;
				GCC_WARN_UNDECLARED_SELECTOR = YES;
				GCC_WARN_UNINITIALIZED_AUTOS = YES_AGGRESSIVE;
				GCC_WARN_UNUSED_FUNCTION = YES;
				GCC_WARN_UNUSED_VARIABLE = YES;
				IPHONEOS_DEPLOYMENT_TARGET = 7.1;
				ONLY_ACTIVE_ARCH = YES;
				SDKROOT = iphoneos;
			};
			name = Debug;
		};
		03126772190C6B4A00AF9AFA /* Release */ = {
			isa = XCBuildConfiguration;
			buildSettings = {
				ALWAYS_SEARCH_USER_PATHS = NO;
				CLANG_CXX_LANGUAGE_STANDARD = "gnu++0x";
				CLANG_CXX_LIBRARY = "libc++";
				CLANG_ENABLE_MODULES = YES;
				CLANG_ENABLE_OBJC_ARC = YES;
				CLANG_WARN_BOOL_CONVERSION = YES;
				CLANG_WARN_CONSTANT_CONVERSION = YES;
				CLANG_WARN_DIRECT_OBJC_ISA_USAGE = YES_ERROR;
				CLANG_WARN_EMPTY_BODY = YES;
				CLANG_WARN_ENUM_CONVERSION = YES;
				CLANG_WARN_INT_CONVERSION = YES;
				CLANG_WARN_OBJC_ROOT_CLASS = YES_ERROR;
				CLANG_WARN__DUPLICATE_METHOD_MATCH = YES;
				"CODE_SIGN_IDENTITY[sdk=iphoneos*]" = "iPhone Developer";
				COPY_PHASE_STRIP = YES;
				ENABLE_NS_ASSERTIONS = NO;
				GCC_C_LANGUAGE_STANDARD = gnu99;
				GCC_WARN_64_TO_32_BIT_CONVERSION = YES;
				GCC_WARN_ABOUT_RETURN_TYPE = YES_ERROR;
				GCC_WARN_UNDECLARED_SELECTOR = YES;
				GCC_WARN_UNINITIALIZED_AUTOS = YES_AGGRESSIVE;
				GCC_WARN_UNUSED_FUNCTION = YES;
				GCC_WARN_UNUSED_VARIABLE = YES;
				IPHONEOS_DEPLOYMENT_TARGET = 7.1;
				SDKROOT = iphoneos;
				VALIDATE_PRODUCT = YES;
			};
			name = Release;
		};
		03126774190C6B4A00AF9AFA /* Debug */ = {
			isa = XCBuildConfiguration;
			buildSettings = {
				ASSETCATALOG_COMPILER_APPICON_NAME = AppIcon;
				ASSETCATALOG_COMPILER_LAUNCHIMAGE_NAME = LaunchImage;
				GCC_PRECOMPILE_PREFIX_HEADER = YES;
				GCC_PREFIX_HEADER = "Multiview/Multiview-Prefix.pch";
				INFOPLIST_FILE = "Multiview/Multiview-Info.plist";
				PRODUCT_NAME = "$(TARGET_NAME)";
				WRAPPER_EXTENSION = app;
			};
			name = Debug;
		};
		03126775190C6B4A00AF9AFA /* Release */ = {
			isa = XCBuildConfiguration;
			buildSettings = {
				ASSETCATALOG_COMPILER_APPICON_NAME = AppIcon;
				ASSETCATALOG_COMPILER_LAUNCHIMAGE_NAME = LaunchImage;
				GCC_PRECOMPILE_PREFIX_HEADER = YES;
				GCC_PREFIX_HEADER = "Multiview/Multiview-Prefix.pch";
				INFOPLIST_FILE = "Multiview/Multiview-Info.plist";
				PRODUCT_NAME = "$(TARGET_NAME)";
				WRAPPER_EXTENSION = app;
			};
			name = Release;
		};
		03126777190C6B4A00AF9AFA /* Debug */ = {
			isa = XCBuildConfiguration;
			buildSettings = {
				BUNDLE_LOADER = "$(BUILT_PRODUCTS_DIR)/Multiview.app/Multiview";
				FRAMEWORK_SEARCH_PATHS = (
					"$(SDKROOT)/Developer/Library/Frameworks",
					"$(inherited)",
					"$(DEVELOPER_FRAMEWORKS_DIR)",
				);
				GCC_PRECOMPILE_PREFIX_HEADER = YES;
				GCC_PREFIX_HEADER = "Multiview/Multiview-Prefix.pch";
				GCC_PREPROCESSOR_DEFINITIONS = (
					"DEBUG=1",
					"$(inherited)",
				);
				INFOPLIST_FILE = "MultiviewTests/MultiviewTests-Info.plist";
				PRODUCT_NAME = "$(TARGET_NAME)";
				TEST_HOST = "$(BUNDLE_LOADER)";
				WRAPPER_EXTENSION = xctest;
			};
			name = Debug;
		};
		03126778190C6B4A00AF9AFA /* Release */ = {
			isa = XCBuildConfiguration;
			buildSettings = {
				BUNDLE_LOADER = "$(BUILT_PRODUCTS_DIR)/Multiview.app/Multiview";
				FRAMEWORK_SEARCH_PATHS = (
					"$(SDKROOT)/Developer/Library/Frameworks",
					"$(inherited)",
					"$(DEVELOPER_FRAMEWORKS_DIR)",
				);
				GCC_PRECOMPILE_PREFIX_HEADER = YES;
				GCC_PREFIX_HEADER = "Multiview/Multiview-Prefix.pch";
				INFOPLIST_FILE = "MultiviewTests/MultiviewTests-Info.plist";
				PRODUCT_NAME = "$(TARGET_NAME)";
				TEST_HOST = "$(BUNDLE_LOADER)";
				WRAPPER_EXTENSION = xctest;
			};
			name = Release;
		};
/* End XCBuildConfiguration section */

/* Begin XCConfigurationList section */
		0312673C190C6B4A00AF9AFA /* Build configuration list for PBXProject "Multiview" */ = {
			isa = XCConfigurationList;
			buildConfigurations = (
				03126771190C6B4A00AF9AFA /* Debug */,
				03126772190C6B4A00AF9AFA /* Release */,
			);
			defaultConfigurationIsVisible = 0;
			defaultConfigurationName = Release;
		};
		03126773190C6B4A00AF9AFA /* Build configuration list for PBXNativeTarget "Multiview" */ = {
			isa = XCConfigurationList;
			buildConfigurations = (
				03126774190C6B4A00AF9AFA /* Debug */,
				03126775190C6B4A00AF9AFA /* Release */,
			);
			defaultConfigurationIsVisible = 0;
		};
		03126776190C6B4A00AF9AFA /* Build configuration list for PBXNativeTarget "MultiviewTests" */ = {
			isa = XCConfigurationList;
			buildConfigurations = (
				03126777190C6B4A00AF9AFA /* Debug */,
				03126778190C6B4A00AF9AFA /* Release */,
			);
			defaultConfigurationIsVisible = 0;
		};
/* End XCConfigurationList section */
	};
	rootObject = 03126739190C6B4A00AF9AFA /* Project object */;
}
